3C124A1B3AE7D6787E8973C873A7457CD21D3B4150B67A97473FFC9E5A92BADF  lib/server.ps1
97BD51FADBFB9711FE8BA0A01F57CE81AA12AEA7DEB604CA3656C9725D3EACA3  lib/launch.vbs
63FBD96FA258A60C8D94E2D6EAD63C53B0555B5F4AF090455AE75A699D69ADBB  lib/sync-core.ps1
1088A28BF55C175F2C29E44DD6E68156296AB8EDDEB2B861763036AB97B359AD  app/core.js
A72BE8908FFDA51D73C965B7F6AF4DA1E4F9631F522D6DF56ECCE7A13CAE4E01  app/core.css
EB28201264135FCA3FEF393F87EB049D680A13DFFACFA53B02B4685AAC016BEF  app/index.html
6D2CC3FD83C0693ED040BA9678500430D626511FA3FAE3CAE3E6FF9AD349DACB  scratch/ocr.ps1
462D4812EBD7349389C4B6A3161F6A0C44D50902B4208D15E2A7C0AD90399D5F  scratch/make-ico.ps1
